
Microsoft Visual Studio Solution File, Format Version 12.00
# Visual Studio Version 17
VisualStudioVersion = 17.5.002.0
MinimumVisualStudioVersion = 10.0.40219.1
Project("{9A19103F-16F7-4668-BE54-9A1E7A4F7556}") = "task1", "task1\task1.csproj", "{2E8701E8-8CDF-4136-B8D2-72F6B83A9A13}"
EndProject
Global
	GlobalSection(SolutionConfigurationPlatforms) = preSolution
		Debug|Any CPU = Debug|Any CPU
		Release|Any CPU = Release|Any CPU
	EndGlobalSection
	GlobalSection(ProjectConfigurationPlatforms) = postSolution
		{2E8701E8-8CDF-4136-B8D2-72F6B83A9A13}.Debug|Any CPU.ActiveCfg = Debug|Any CPU
		{2E8701E8-8CDF-4136-B8D2-72F6B83A9A13}.Debug|Any CPU.Build.0 = Debug|Any CPU
		{2E8701E8-8CDF-4136-B8D2-72F6B83A9A13}.Release|Any CPU.ActiveCfg = Release|Any CPU
		{2E8701E8-8CDF-4136-B8D2-72F6B83A9A13}.Release|Any CPU.Build.0 = Release|Any CPU
	EndGlobalSection
	GlobalSection(SolutionProperties) = preSolution
		HideSolutionNode = FALSE
	EndGlobalSection
	GlobalSection(ExtensibilityGlobals) = postSolution
		SolutionGuid = {DACC7319-D7A3-4635-8667-FBE13F3CDB66}
	EndGlobalSection
EndGlobal
